
Microsoft Visual Studio Solution File, Format Version 12.00
# Visual Studio Version 17
VisualStudioVersion = 17.7.34031.279
MinimumVisualStudioVersion = 10.0.40219.1
Project("{FAE04EC0-301F-11D3-BF4B-00C04F79EFBC}") = "MVCApplication", "MVCApplication.csproj", "{EAF9DE28-0243-4BC6-8738-9699B28AECAE}"
EndProject
Global
	GlobalSection(SolutionConfigurationPlatforms) = preSolution
		Debug|Any CPU = Debug|Any CPU
		Release|Any CPU = Release|Any CPU
	EndGlobalSection
	GlobalSection(ProjectConfigurationPlatforms) = postSolution
		{EAF9DE28-0243-4BC6-8738-9699B28AECAE}.Debug|Any CPU.ActiveCfg = Debug|Any CPU
		{EAF9DE28-0243-4BC6-8738-9699B28AECAE}.Debug|Any CPU.Build.0 = Debug|Any CPU
		{EAF9DE28-0243-4BC6-8738-9699B28AECAE}.Release|Any CPU.ActiveCfg = Release|Any CPU
		{EAF9DE28-0243-4BC6-8738-9699B28AECAE}.Release|Any CPU.Build.0 = Release|Any CPU
	EndGlobalSection
	GlobalSection(SolutionProperties) = preSolution
		HideSolutionNode = FALSE
	EndGlobalSection
	GlobalSection(ExtensibilityGlobals) = postSolution
		SolutionGuid = {B0631DDF-F3EC-479C-9D06-B8E1F688AD78}
	EndGlobalSection
EndGlobal
